
Microsoft Visual Studio Solution File, Format Version 12.00
# Visual Studio Version 16
VisualStudioVersion = 16.0.30330.147
MinimumVisualStudioVersion = 10.0.40219.1
Project("{FAE04EC0-301F-11D3-BF4B-00C04F79EFBC}") = "MultiBase", "MultiBase\MultiBase.csproj", "{BC29414F-E292-4ED2-9DDA-0407633255B5}"
EndProject
Global
	GlobalSection(SolutionConfigurationPlatforms) = preSolution
		Debug|Any CPU = Debug|Any CPU
		Release|Any CPU = Release|Any CPU
	EndGlobalSection
	GlobalSection(ProjectConfigurationPlatforms) = postSolution
		{BC29414F-E292-4ED2-9DDA-0407633255B5}.Debug|Any CPU.ActiveCfg = Debug|Any CPU
		{BC29414F-E292-4ED2-9DDA-0407633255B5}.Debug|Any CPU.Build.0 = Debug|Any CPU
		{BC29414F-E292-4ED2-9DDA-0407633255B5}.Release|Any CPU.ActiveCfg = Release|Any CPU
		{BC29414F-E292-4ED2-9DDA-0407633255B5}.Release|Any CPU.Build.0 = Release|Any CPU
	EndGlobalSection
	GlobalSection(SolutionProperties) = preSolution
		HideSolutionNode = FALSE
	EndGlobalSection
	GlobalSection(ExtensibilityGlobals) = postSolution
		SolutionGuid = {62ACAF72-843A-40BC-B1D9-79C4397FC935}
	EndGlobalSection
EndGlobal
